{
  "name": "term-game",
  "version": "1.0.0",
  "lockfileVersion": 1,
  "requires": true,
  "dependencies": {
    "jquery": {
      "version": "3.3.1",
      "resolved": "https://registry.npmjs.org/jquery/-/jquery-3.3.1.tgz",
      "integrity": "sha512-Ubldcmxp5np52/ENotGxlLe6aGMvmF4R8S6tZjsP6Knsaxd/xp3Zrh50cG93lR6nPXyUFwzN3ZSOQI0wRJNdGg=="
    },
    "jquery.terminal": {
      "version": "1.14.0",
      "resolved": "https://registry.npmjs.org/jquery.terminal/-/jquery.terminal-1.14.0.tgz",
      "integrity": "sha512-Mn8dvgN//DtZbJ0XPLCqs3CAMkk0EFufwsAuayCG9p2Zx0O/cec9N+EAZpHNrUb7ORX0oCrma81T81aTafRQ2Q==",
      "requires": {
        "jquery": "3.3.1"
      }
    }
  }
}
